
Microsoft Visual Studio Solution File, Format Version 12.00
# Visual Studio Version 16
VisualStudioVersion = 16.0.30804.86
MinimumVisualStudioVersion = 10.0.40219.1
Project("{FAE04EC0-301F-11D3-BF4B-00C04F79EFBC}") = "TrnNHibernate.Api", "TrnNHibernate.Api\TrnNHibernate.Api.csproj", "{E4641302-DAED-4806-99FA-A30760D79CF5}"
EndProject
Global
	GlobalSection(SolutionConfigurationPlatforms) = preSolution
		Debug|Any CPU = Debug|Any CPU
		Release|Any CPU = Release|Any CPU
	EndGlobalSection
	GlobalSection(ProjectConfigurationPlatforms) = postSolution
		{E4641302-DAED-4806-99FA-A30760D79CF5}.Debug|Any CPU.ActiveCfg = Debug|Any CPU
		{E4641302-DAED-4806-99FA-A30760D79CF5}.Debug|Any CPU.Build.0 = Debug|Any CPU
		{E4641302-DAED-4806-99FA-A30760D79CF5}.Release|Any CPU.ActiveCfg = Release|Any CPU
		{E4641302-DAED-4806-99FA-A30760D79CF5}.Release|Any CPU.Build.0 = Release|Any CPU
	EndGlobalSection
	GlobalSection(SolutionProperties) = preSolution
		HideSolutionNode = FALSE
	EndGlobalSection
	GlobalSection(ExtensibilityGlobals) = postSolution
		SolutionGuid = {DC3746FD-48C5-43DA-979A-BE0E4FF14EF7}
	EndGlobalSection
EndGlobal
